
Microsoft Visual Studio Solution File, Format Version 12.00
# Visual Studio 15
VisualStudioVersion = 15.0.27703.2035
MinimumVisualStudioVersion = 10.0.40219.1
Project("{9A19103F-16F7-4668-BE54-9A1E7A4F7556}") = "Abp.AppFactory.BlobProvider", "Abp.AppFactory.BlobProvider\Abp.AppFactory.BlobProvider.csproj", "{251FA3AA-2A09-4C7D-9C97-13B9A26A966F}"
EndProject
Global
	GlobalSection(SolutionConfigurationPlatforms) = preSolution
		Debug|Any CPU = Debug|Any CPU
		Release|Any CPU = Release|Any CPU
	EndGlobalSection
	GlobalSection(ProjectConfigurationPlatforms) = postSolution
		{251FA3AA-2A09-4C7D-9C97-13B9A26A966F}.Debug|Any CPU.ActiveCfg = Debug|Any CPU
		{251FA3AA-2A09-4C7D-9C97-13B9A26A966F}.Debug|Any CPU.Build.0 = Debug|Any CPU
		{251FA3AA-2A09-4C7D-9C97-13B9A26A966F}.Release|Any CPU.ActiveCfg = Release|Any CPU
		{251FA3AA-2A09-4C7D-9C97-13B9A26A966F}.Release|Any CPU.Build.0 = Release|Any CPU
	EndGlobalSection
	GlobalSection(SolutionProperties) = preSolution
		HideSolutionNode = FALSE
	EndGlobalSection
	GlobalSection(ExtensibilityGlobals) = postSolution
		SolutionGuid = {5730B435-5144-4EBA-8BCA-2A4442BA6A7D}
	EndGlobalSection
EndGlobal
